
Microsoft Visual Studio Solution File, Format Version 12.00
# Visual Studio Version 17
VisualStudioVersion = 17.0.31903.59
MinimumVisualStudioVersion = 10.0.40219.1
Project("{FAE04EC0-301F-11D3-BF4B-00C04F79EFBC}") = "API", "API\API.csproj", "{628C62C5-A34C-47B6-AB47-DA6F5F797A27}"
EndProject
Project("{FAE04EC0-301F-11D3-BF4B-00C04F79EFBC}") = "Core", "Core\Core.csproj", "{CC91C23E-DA11-497B-844B-E0206B6E1B43}"
EndProject
Project("{FAE04EC0-301F-11D3-BF4B-00C04F79EFBC}") = "Infrastructure", "Infrastructure\Infrastructure.csproj", "{A79F1C13-348A-4EFB-A1CB-ED57052B1817}"
EndProject
Global
	GlobalSection(SolutionConfigurationPlatforms) = preSolution
		Debug|Any CPU = Debug|Any CPU
		Release|Any CPU = Release|Any CPU
	EndGlobalSection
	GlobalSection(SolutionProperties) = preSolution
		HideSolutionNode = FALSE
	EndGlobalSection
	GlobalSection(ProjectConfigurationPlatforms) = postSolution
		{628C62C5-A34C-47B6-AB47-DA6F5F797A27}.Debug|Any CPU.ActiveCfg = Debug|Any CPU
		{628C62C5-A34C-47B6-AB47-DA6F5F797A27}.Debug|Any CPU.Build.0 = Debug|Any CPU
		{628C62C5-A34C-47B6-AB47-DA6F5F797A27}.Release|Any CPU.ActiveCfg = Release|Any CPU
		{628C62C5-A34C-47B6-AB47-DA6F5F797A27}.Release|Any CPU.Build.0 = Release|Any CPU
		{CC91C23E-DA11-497B-844B-E0206B6E1B43}.Debug|Any CPU.ActiveCfg = Debug|Any CPU
		{CC91C23E-DA11-497B-844B-E0206B6E1B43}.Debug|Any CPU.Build.0 = Debug|Any CPU
		{CC91C23E-DA11-497B-844B-E0206B6E1B43}.Release|Any CPU.ActiveCfg = Release|Any CPU
		{CC91C23E-DA11-497B-844B-E0206B6E1B43}.Release|Any CPU.Build.0 = Release|Any CPU
		{A79F1C13-348A-4EFB-A1CB-ED57052B1817}.Debug|Any CPU.ActiveCfg = Debug|Any CPU
		{A79F1C13-348A-4EFB-A1CB-ED57052B1817}.Debug|Any CPU.Build.0 = Debug|Any CPU
		{A79F1C13-348A-4EFB-A1CB-ED57052B1817}.Release|Any CPU.ActiveCfg = Release|Any CPU
		{A79F1C13-348A-4EFB-A1CB-ED57052B1817}.Release|Any CPU.Build.0 = Release|Any CPU
	EndGlobalSection
EndGlobal
